
Microsoft Visual Studio Solution File, Format Version 12.00
# Visual Studio 15
VisualStudioVersion = 15.0.27130.2036
MinimumVisualStudioVersion = 10.0.40219.1
Project("{FAE04EC0-301F-11D3-BF4B-00C04F79EFBC}") = "Learning Csharp", "Learning Csharp\Learning Csharp.csproj", "{7A400808-F8A5-46E9-8E4B-1572A596AD81}"
EndProject
Global
	GlobalSection(SolutionConfigurationPlatforms) = preSolution
		Debug|Any CPU = Debug|Any CPU
		Release|Any CPU = Release|Any CPU
	EndGlobalSection
	GlobalSection(ProjectConfigurationPlatforms) = postSolution
		{7A400808-F8A5-46E9-8E4B-1572A596AD81}.Debug|Any CPU.ActiveCfg = Debug|Any CPU
		{7A400808-F8A5-46E9-8E4B-1572A596AD81}.Debug|Any CPU.Build.0 = Debug|Any CPU
		{7A400808-F8A5-46E9-8E4B-1572A596AD81}.Release|Any CPU.ActiveCfg = Release|Any CPU
		{7A400808-F8A5-46E9-8E4B-1572A596AD81}.Release|Any CPU.Build.0 = Release|Any CPU
	EndGlobalSection
	GlobalSection(SolutionProperties) = preSolution
		HideSolutionNode = FALSE
	EndGlobalSection
	GlobalSection(ExtensibilityGlobals) = postSolution
		SolutionGuid = {18928005-B7E3-4EF2-96B3-C2904059CA5B}
	EndGlobalSection
EndGlobal
